<?xml version="1.0" encoding="UTF-8"?>
<CodeBlocks_project_file>
	<FileVersion major="1" minor="6"/>
	<Project>
		<Option title="systemwrappers"/>
		<Option makefile_is_custom="1"/>
		<Option compiler="gcc"/>
		<Option virtualFolders="CMake Files\;CMake Files\api\;CMake Files\audio\;CMake Files\common_audio\;CMake Files\modules\;CMake Files\rtc_base\;CMake Files\system_wrappers\;"/>
		<Build>
			<Target title="all">
				<Option working_dir="/Users/huaweichang/Downloads/webrtc/ios/webrtc/system_wrappers"/>
				<Option type="4"/>
				<MakeCommands>
					<Build command="/usr/bin/make -f &quot;/Users/huaweichang/Downloads/webrtc/ios/webrtc/system_wrappers/Makefile&quot;  VERBOSE=1 all"/>
					<CompileFile command="/usr/bin/make -f &quot;/Users/huaweichang/Downloads/webrtc/ios/webrtc/system_wrappers/Makefile&quot;  VERBOSE=1 &quot;$file&quot;"/>
					<Clean command="/usr/bin/make -f &quot;/Users/huaweichang/Downloads/webrtc/ios/webrtc/system_wrappers/Makefile&quot;  VERBOSE=1 clean"/>
					<DistClean command="/usr/bin/make -f &quot;/Users/huaweichang/Downloads/webrtc/ios/webrtc/system_wrappers/Makefile&quot;  VERBOSE=1 clean"/>
				</MakeCommands>
			</Target>
			<Target title="libsyswrappters">
				<Option output="/Users/huaweichang/Downloads/webrtc/ios/webrtc/system_wrappers/libsys_wrappers.a" prefix_auto="0" extension_auto="0"/>
				<Option working_dir="/Users/huaweichang/Downloads/webrtc/ios/webrtc/system_wrappers"/>
				<Option object_output="./"/>
				<Option type="2"/>
				<Option compiler="gcc"/>
				<Compiler>
					<Add option="-DWEBRTC_MAC"/>
					<Add option="-DWEBRTC_POSIX"/>
					<Add option="-DWEBRTC_APM_DEBUG_DUMP=0"/>
					<Add directory="/Users/huaweichang/Downloads/webrtc/ios/webrtc"/>
					<Add directory="/Users/huaweichang/Downloads/webrtc/ios/webrtc/rtc_base"/>
					<Add directory="/Users/huaweichang/Downloads/webrtc/ios/webrtc/system_wrappers/ksconfig.h"/>
					<Add directory="/Users/huaweichang/Downloads/webrtc/ios/webrtc/system_wrappers/absl"/>
					<Add directory="/Users/huaweichang/Downloads/webrtc/ios/webrtc/system_wrappers/api"/>
					<Add directory="/Users/huaweichang/Downloads/webrtc/ios/webrtc/system_wrappers/audio"/>
					<Add directory="/Users/huaweichang/Downloads/webrtc/ios/webrtc/system_wrappers/common_audio"/>
					<Add directory="/Users/huaweichang/Downloads/webrtc/ios/webrtc/system_wrappers/modules"/>
					<Add directory="/Users/huaweichang/Downloads/webrtc/ios/webrtc/system_wrappers/rtc_base"/>
					<Add directory="/Users/huaweichang/Downloads/webrtc/ios/webrtc/system_wrappers/system_wrappers"/>
				</Compiler>
				<MakeCommands>
					<Build command="/usr/bin/make -f &quot;/Users/huaweichang/Downloads/webrtc/ios/webrtc/system_wrappers/Makefile&quot;  VERBOSE=1 libsyswrappters"/>
					<CompileFile command="/usr/bin/make -f &quot;/Users/huaweichang/Downloads/webrtc/ios/webrtc/system_wrappers/Makefile&quot;  VERBOSE=1 &quot;$file&quot;"/>
					<Clean command="/usr/bin/make -f &quot;/Users/huaweichang/Downloads/webrtc/ios/webrtc/system_wrappers/Makefile&quot;  VERBOSE=1 clean"/>
					<DistClean command="/usr/bin/make -f &quot;/Users/huaweichang/Downloads/webrtc/ios/webrtc/system_wrappers/Makefile&quot;  VERBOSE=1 clean"/>
				</MakeCommands>
			</Target>
			<Target title="libsyswrappters/fast">
				<Option output="/Users/huaweichang/Downloads/webrtc/ios/webrtc/system_wrappers/libsys_wrappers.a" prefix_auto="0" extension_auto="0"/>
				<Option working_dir="/Users/huaweichang/Downloads/webrtc/ios/webrtc/system_wrappers"/>
				<Option object_output="./"/>
				<Option type="2"/>
				<Option compiler="gcc"/>
				<Compiler>
					<Add option="-DWEBRTC_MAC"/>
					<Add option="-DWEBRTC_POSIX"/>
					<Add option="-DWEBRTC_APM_DEBUG_DUMP=0"/>
					<Add directory="/Users/huaweichang/Downloads/webrtc/ios/webrtc"/>
					<Add directory="/Users/huaweichang/Downloads/webrtc/ios/webrtc/rtc_base"/>
					<Add directory="/Users/huaweichang/Downloads/webrtc/ios/webrtc/system_wrappers/ksconfig.h"/>
					<Add directory="/Users/huaweichang/Downloads/webrtc/ios/webrtc/system_wrappers/absl"/>
					<Add directory="/Users/huaweichang/Downloads/webrtc/ios/webrtc/system_wrappers/api"/>
					<Add directory="/Users/huaweichang/Downloads/webrtc/ios/webrtc/system_wrappers/audio"/>
					<Add directory="/Users/huaweichang/Downloads/webrtc/ios/webrtc/system_wrappers/common_audio"/>
					<Add directory="/Users/huaweichang/Downloads/webrtc/ios/webrtc/system_wrappers/modules"/>
					<Add directory="/Users/huaweichang/Downloads/webrtc/ios/webrtc/system_wrappers/rtc_base"/>
					<Add directory="/Users/huaweichang/Downloads/webrtc/ios/webrtc/system_wrappers/system_wrappers"/>
				</Compiler>
				<MakeCommands>
					<Build command="/usr/bin/make -f &quot;/Users/huaweichang/Downloads/webrtc/ios/webrtc/system_wrappers/Makefile&quot;  VERBOSE=1 libsyswrappters/fast"/>
					<CompileFile command="/usr/bin/make -f &quot;/Users/huaweichang/Downloads/webrtc/ios/webrtc/system_wrappers/Makefile&quot;  VERBOSE=1 &quot;$file&quot;"/>
					<Clean command="/usr/bin/make -f &quot;/Users/huaweichang/Downloads/webrtc/ios/webrtc/system_wrappers/Makefile&quot;  VERBOSE=1 clean"/>
					<DistClean command="/usr/bin/make -f &quot;/Users/huaweichang/Downloads/webrtc/ios/webrtc/system_wrappers/Makefile&quot;  VERBOSE=1 clean"/>
				</MakeCommands>
			</Target>
		</Build>
		<Unit filename="/Users/huaweichang/Downloads/webrtc/ios/webrtc/system_wrappers/source/field_trial.cc">
			<Option target="libsyswrappters"/>
		</Unit>
		<Unit filename="/Users/huaweichang/Downloads/webrtc/ios/webrtc/system_wrappers/source/metrics.cc">
			<Option target="libsyswrappters"/>
		</Unit>
		<Unit filename="/Users/huaweichang/Downloads/webrtc/ios/webrtc/CMakeLists.txt">
			<Option virtualFolder="CMake Files\"/>
		</Unit>
		<Unit filename="/Users/huaweichang/Downloads/webrtc/ios/webrtc/api/CMakeLists.txt">
			<Option virtualFolder="CMake Files\api\"/>
		</Unit>
		<Unit filename="/Users/huaweichang/Downloads/webrtc/ios/webrtc/audio/CMakeLists.txt">
			<Option virtualFolder="CMake Files\audio\"/>
		</Unit>
		<Unit filename="/Users/huaweichang/Downloads/webrtc/ios/webrtc/common_audio/CMakeLists.txt">
			<Option virtualFolder="CMake Files\common_audio\"/>
		</Unit>
		<Unit filename="/Users/huaweichang/Downloads/webrtc/ios/webrtc/modules/CMakeLists.txt">
			<Option virtualFolder="CMake Files\modules\"/>
		</Unit>
		<Unit filename="/Users/huaweichang/Downloads/webrtc/ios/webrtc/rtc_base/CMakeLists.txt">
			<Option virtualFolder="CMake Files\rtc_base\"/>
		</Unit>
		<Unit filename="/Users/huaweichang/Downloads/webrtc/ios/webrtc/system_wrappers/CMakeLists.txt">
			<Option virtualFolder="CMake Files\system_wrappers\"/>
		</Unit>
	</Project>
</CodeBlocks_project_file>
