<?xml version="1.0" encoding="UTF-8"?>
<CodeBlocks_project_file>
	<FileVersion major="1" minor="6"/>
	<Project>
		<Option title="webrtc"/>
		<Option makefile_is_custom="1"/>
		<Option compiler="gcc"/>
		<Option virtualFolders="CMake Files\;CMake Files\api\;CMake Files\audio\;CMake Files\common_audio\;CMake Files\modules\;CMake Files\rtc_base\;CMake Files\system_wrappers\;"/>
		<Build>
			<Target title="all">
				<Option working_dir="/Users/huaweichang/Downloads/webrtc/ios/webrtc"/>
				<Option type="4"/>
				<MakeCommands>
					<Build command="/usr/bin/make -f &quot;/Users/huaweichang/Downloads/webrtc/ios/webrtc/Makefile&quot;  VERBOSE=1 all"/>
					<CompileFile command="/usr/bin/make -f &quot;/Users/huaweichang/Downloads/webrtc/ios/webrtc/Makefile&quot;  VERBOSE=1 &quot;$file&quot;"/>
					<Clean command="/usr/bin/make -f &quot;/Users/huaweichang/Downloads/webrtc/ios/webrtc/Makefile&quot;  VERBOSE=1 clean"/>
					<DistClean command="/usr/bin/make -f &quot;/Users/huaweichang/Downloads/webrtc/ios/webrtc/Makefile&quot;  VERBOSE=1 clean"/>
				</MakeCommands>
			</Target>
			<Target title="install/local">
				<Option working_dir="/Users/huaweichang/Downloads/webrtc/ios/webrtc"/>
				<Option type="4"/>
				<MakeCommands>
					<Build command="/usr/bin/make -f &quot;/Users/huaweichang/Downloads/webrtc/ios/webrtc/Makefile&quot;  VERBOSE=1 install/local"/>
					<CompileFile command="/usr/bin/make -f &quot;/Users/huaweichang/Downloads/webrtc/ios/webrtc/Makefile&quot;  VERBOSE=1 &quot;$file&quot;"/>
					<Clean command="/usr/bin/make -f &quot;/Users/huaweichang/Downloads/webrtc/ios/webrtc/Makefile&quot;  VERBOSE=1 clean"/>
					<DistClean command="/usr/bin/make -f &quot;/Users/huaweichang/Downloads/webrtc/ios/webrtc/Makefile&quot;  VERBOSE=1 clean"/>
				</MakeCommands>
			</Target>
			<Target title="install/strip">
				<Option working_dir="/Users/huaweichang/Downloads/webrtc/ios/webrtc"/>
				<Option type="4"/>
				<MakeCommands>
					<Build command="/usr/bin/make -f &quot;/Users/huaweichang/Downloads/webrtc/ios/webrtc/Makefile&quot;  VERBOSE=1 install/strip"/>
					<CompileFile command="/usr/bin/make -f &quot;/Users/huaweichang/Downloads/webrtc/ios/webrtc/Makefile&quot;  VERBOSE=1 &quot;$file&quot;"/>
					<Clean command="/usr/bin/make -f &quot;/Users/huaweichang/Downloads/webrtc/ios/webrtc/Makefile&quot;  VERBOSE=1 clean"/>
					<DistClean command="/usr/bin/make -f &quot;/Users/huaweichang/Downloads/webrtc/ios/webrtc/Makefile&quot;  VERBOSE=1 clean"/>
				</MakeCommands>
			</Target>
			<Target title="install">
				<Option working_dir="/Users/huaweichang/Downloads/webrtc/ios/webrtc"/>
				<Option type="4"/>
				<MakeCommands>
					<Build command="/usr/bin/make -f &quot;/Users/huaweichang/Downloads/webrtc/ios/webrtc/Makefile&quot;  VERBOSE=1 install"/>
					<CompileFile command="/usr/bin/make -f &quot;/Users/huaweichang/Downloads/webrtc/ios/webrtc/Makefile&quot;  VERBOSE=1 &quot;$file&quot;"/>
					<Clean command="/usr/bin/make -f &quot;/Users/huaweichang/Downloads/webrtc/ios/webrtc/Makefile&quot;  VERBOSE=1 clean"/>
					<DistClean command="/usr/bin/make -f &quot;/Users/huaweichang/Downloads/webrtc/ios/webrtc/Makefile&quot;  VERBOSE=1 clean"/>
				</MakeCommands>
			</Target>
			<Target title="list_install_components">
				<Option working_dir="/Users/huaweichang/Downloads/webrtc/ios/webrtc"/>
				<Option type="4"/>
				<MakeCommands>
					<Build command="/usr/bin/make -f &quot;/Users/huaweichang/Downloads/webrtc/ios/webrtc/Makefile&quot;  VERBOSE=1 list_install_components"/>
					<CompileFile command="/usr/bin/make -f &quot;/Users/huaweichang/Downloads/webrtc/ios/webrtc/Makefile&quot;  VERBOSE=1 &quot;$file&quot;"/>
					<Clean command="/usr/bin/make -f &quot;/Users/huaweichang/Downloads/webrtc/ios/webrtc/Makefile&quot;  VERBOSE=1 clean"/>
					<DistClean command="/usr/bin/make -f &quot;/Users/huaweichang/Downloads/webrtc/ios/webrtc/Makefile&quot;  VERBOSE=1 clean"/>
				</MakeCommands>
			</Target>
			<Target title="rebuild_cache">
				<Option working_dir="/Users/huaweichang/Downloads/webrtc/ios/webrtc"/>
				<Option type="4"/>
				<MakeCommands>
					<Build command="/usr/bin/make -f &quot;/Users/huaweichang/Downloads/webrtc/ios/webrtc/Makefile&quot;  VERBOSE=1 rebuild_cache"/>
					<CompileFile command="/usr/bin/make -f &quot;/Users/huaweichang/Downloads/webrtc/ios/webrtc/Makefile&quot;  VERBOSE=1 &quot;$file&quot;"/>
					<Clean command="/usr/bin/make -f &quot;/Users/huaweichang/Downloads/webrtc/ios/webrtc/Makefile&quot;  VERBOSE=1 clean"/>
					<DistClean command="/usr/bin/make -f &quot;/Users/huaweichang/Downloads/webrtc/ios/webrtc/Makefile&quot;  VERBOSE=1 clean"/>
				</MakeCommands>
			</Target>
			<Target title="edit_cache">
				<Option working_dir="/Users/huaweichang/Downloads/webrtc/ios/webrtc"/>
				<Option type="4"/>
				<MakeCommands>
					<Build command="/usr/bin/make -f &quot;/Users/huaweichang/Downloads/webrtc/ios/webrtc/Makefile&quot;  VERBOSE=1 edit_cache"/>
					<CompileFile command="/usr/bin/make -f &quot;/Users/huaweichang/Downloads/webrtc/ios/webrtc/Makefile&quot;  VERBOSE=1 &quot;$file&quot;"/>
					<Clean command="/usr/bin/make -f &quot;/Users/huaweichang/Downloads/webrtc/ios/webrtc/Makefile&quot;  VERBOSE=1 clean"/>
					<DistClean command="/usr/bin/make -f &quot;/Users/huaweichang/Downloads/webrtc/ios/webrtc/Makefile&quot;  VERBOSE=1 clean"/>
				</MakeCommands>
			</Target>
			<Target title="libapi">
				<Option output="/Users/huaweichang/Downloads/webrtc/ios/webrtc/api/libapi.a" prefix_auto="0" extension_auto="0"/>
				<Option working_dir="/Users/huaweichang/Downloads/webrtc/ios/webrtc/api"/>
				<Option object_output="./"/>
				<Option type="2"/>
				<Option compiler="gcc"/>
				<Compiler>
					<Add option="-DWEBRTC_MAC"/>
					<Add option="-DWEBRTC_POSIX"/>
					<Add option="-DWEBRTC_APM_DEBUG_DUMP=0"/>
					<Add directory="/Users/huaweichang/Downloads/webrtc/ios/webrtc"/>
					<Add directory="/Users/huaweichang/Downloads/webrtc/ios/webrtc/rtc_base"/>
					<Add directory="/Users/huaweichang/Downloads/webrtc/ios/webrtc/api/../ksconfig.h"/>
					<Add directory="/Users/huaweichang/Downloads/webrtc/ios/webrtc/api"/>
				</Compiler>
				<MakeCommands>
					<Build command="/usr/bin/make -f &quot;/Users/huaweichang/Downloads/webrtc/ios/webrtc/api/Makefile&quot;  VERBOSE=1 libapi"/>
					<CompileFile command="/usr/bin/make -f &quot;/Users/huaweichang/Downloads/webrtc/ios/webrtc/api/Makefile&quot;  VERBOSE=1 &quot;$file&quot;"/>
					<Clean command="/usr/bin/make -f &quot;/Users/huaweichang/Downloads/webrtc/ios/webrtc/api/Makefile&quot;  VERBOSE=1 clean"/>
					<DistClean command="/usr/bin/make -f &quot;/Users/huaweichang/Downloads/webrtc/ios/webrtc/api/Makefile&quot;  VERBOSE=1 clean"/>
				</MakeCommands>
			</Target>
			<Target title="libapi/fast">
				<Option output="/Users/huaweichang/Downloads/webrtc/ios/webrtc/api/libapi.a" prefix_auto="0" extension_auto="0"/>
				<Option working_dir="/Users/huaweichang/Downloads/webrtc/ios/webrtc/api"/>
				<Option object_output="./"/>
				<Option type="2"/>
				<Option compiler="gcc"/>
				<Compiler>
					<Add option="-DWEBRTC_MAC"/>
					<Add option="-DWEBRTC_POSIX"/>
					<Add option="-DWEBRTC_APM_DEBUG_DUMP=0"/>
					<Add directory="/Users/huaweichang/Downloads/webrtc/ios/webrtc"/>
					<Add directory="/Users/huaweichang/Downloads/webrtc/ios/webrtc/rtc_base"/>
					<Add directory="/Users/huaweichang/Downloads/webrtc/ios/webrtc/api/../ksconfig.h"/>
					<Add directory="/Users/huaweichang/Downloads/webrtc/ios/webrtc/api"/>
				</Compiler>
				<MakeCommands>
					<Build command="/usr/bin/make -f &quot;/Users/huaweichang/Downloads/webrtc/ios/webrtc/api/Makefile&quot;  VERBOSE=1 libapi/fast"/>
					<CompileFile command="/usr/bin/make -f &quot;/Users/huaweichang/Downloads/webrtc/ios/webrtc/api/Makefile&quot;  VERBOSE=1 &quot;$file&quot;"/>
					<Clean command="/usr/bin/make -f &quot;/Users/huaweichang/Downloads/webrtc/ios/webrtc/api/Makefile&quot;  VERBOSE=1 clean"/>
					<DistClean command="/usr/bin/make -f &quot;/Users/huaweichang/Downloads/webrtc/ios/webrtc/api/Makefile&quot;  VERBOSE=1 clean"/>
				</MakeCommands>
			</Target>
			<Target title="libaudio">
				<Option output="/Users/huaweichang/Downloads/webrtc/ios/webrtc/audio/libaudio.a" prefix_auto="0" extension_auto="0"/>
				<Option working_dir="/Users/huaweichang/Downloads/webrtc/ios/webrtc/audio"/>
				<Option object_output="./"/>
				<Option type="2"/>
				<Option compiler="gcc"/>
				<Compiler>
					<Add option="-DWEBRTC_MAC"/>
					<Add option="-DWEBRTC_POSIX"/>
					<Add option="-DWEBRTC_APM_DEBUG_DUMP=0"/>
					<Add directory="/Users/huaweichang/Downloads/webrtc/ios/webrtc"/>
					<Add directory="/Users/huaweichang/Downloads/webrtc/ios/webrtc/rtc_base"/>
					<Add directory="/Users/huaweichang/Downloads/webrtc/ios/webrtc/audio/ksconfig.h"/>
				</Compiler>
				<MakeCommands>
					<Build command="/usr/bin/make -f &quot;/Users/huaweichang/Downloads/webrtc/ios/webrtc/audio/Makefile&quot;  VERBOSE=1 libaudio"/>
					<CompileFile command="/usr/bin/make -f &quot;/Users/huaweichang/Downloads/webrtc/ios/webrtc/audio/Makefile&quot;  VERBOSE=1 &quot;$file&quot;"/>
					<Clean command="/usr/bin/make -f &quot;/Users/huaweichang/Downloads/webrtc/ios/webrtc/audio/Makefile&quot;  VERBOSE=1 clean"/>
					<DistClean command="/usr/bin/make -f &quot;/Users/huaweichang/Downloads/webrtc/ios/webrtc/audio/Makefile&quot;  VERBOSE=1 clean"/>
				</MakeCommands>
			</Target>
			<Target title="libaudio/fast">
				<Option output="/Users/huaweichang/Downloads/webrtc/ios/webrtc/audio/libaudio.a" prefix_auto="0" extension_auto="0"/>
				<Option working_dir="/Users/huaweichang/Downloads/webrtc/ios/webrtc/audio"/>
				<Option object_output="./"/>
				<Option type="2"/>
				<Option compiler="gcc"/>
				<Compiler>
					<Add option="-DWEBRTC_MAC"/>
					<Add option="-DWEBRTC_POSIX"/>
					<Add option="-DWEBRTC_APM_DEBUG_DUMP=0"/>
					<Add directory="/Users/huaweichang/Downloads/webrtc/ios/webrtc"/>
					<Add directory="/Users/huaweichang/Downloads/webrtc/ios/webrtc/rtc_base"/>
					<Add directory="/Users/huaweichang/Downloads/webrtc/ios/webrtc/audio/ksconfig.h"/>
				</Compiler>
				<MakeCommands>
					<Build command="/usr/bin/make -f &quot;/Users/huaweichang/Downloads/webrtc/ios/webrtc/audio/Makefile&quot;  VERBOSE=1 libaudio/fast"/>
					<CompileFile command="/usr/bin/make -f &quot;/Users/huaweichang/Downloads/webrtc/ios/webrtc/audio/Makefile&quot;  VERBOSE=1 &quot;$file&quot;"/>
					<Clean command="/usr/bin/make -f &quot;/Users/huaweichang/Downloads/webrtc/ios/webrtc/audio/Makefile&quot;  VERBOSE=1 clean"/>
					<DistClean command="/usr/bin/make -f &quot;/Users/huaweichang/Downloads/webrtc/ios/webrtc/audio/Makefile&quot;  VERBOSE=1 clean"/>
				</MakeCommands>
			</Target>
			<Target title="libcommonaudio">
				<Option output="/Users/huaweichang/Downloads/webrtc/ios/webrtc/common_audio/libcommon_audio.a" prefix_auto="0" extension_auto="0"/>
				<Option working_dir="/Users/huaweichang/Downloads/webrtc/ios/webrtc/common_audio"/>
				<Option object_output="./"/>
				<Option type="2"/>
				<Option compiler="gcc"/>
				<Compiler>
					<Add option="-DWEBRTC_MAC"/>
					<Add option="-DWEBRTC_POSIX"/>
					<Add option="-DWEBRTC_APM_DEBUG_DUMP=0"/>
					<Add directory="/Users/huaweichang/Downloads/webrtc/ios/webrtc"/>
					<Add directory="/Users/huaweichang/Downloads/webrtc/ios/webrtc/rtc_base"/>
					<Add directory="/Users/huaweichang/Downloads/webrtc/ios/webrtc/common_audio/ksconfig.h"/>
					<Add directory="/Users/huaweichang/Downloads/webrtc/ios/webrtc/common_audio/absl"/>
					<Add directory="/Users/huaweichang/Downloads/webrtc/ios/webrtc/common_audio/api"/>
					<Add directory="/Users/huaweichang/Downloads/webrtc/ios/webrtc/common_audio/audio"/>
					<Add directory="/Users/huaweichang/Downloads/webrtc/ios/webrtc/common_audio/common_audio"/>
					<Add directory="/Users/huaweichang/Downloads/webrtc/ios/webrtc/common_audio/modules"/>
					<Add directory="/Users/huaweichang/Downloads/webrtc/ios/webrtc/common_audio/rtc_base"/>
					<Add directory="/Users/huaweichang/Downloads/webrtc/ios/webrtc/common_audio/system_wrappers"/>
				</Compiler>
				<MakeCommands>
					<Build command="/usr/bin/make -f &quot;/Users/huaweichang/Downloads/webrtc/ios/webrtc/common_audio/Makefile&quot;  VERBOSE=1 libcommonaudio"/>
					<CompileFile command="/usr/bin/make -f &quot;/Users/huaweichang/Downloads/webrtc/ios/webrtc/common_audio/Makefile&quot;  VERBOSE=1 &quot;$file&quot;"/>
					<Clean command="/usr/bin/make -f &quot;/Users/huaweichang/Downloads/webrtc/ios/webrtc/common_audio/Makefile&quot;  VERBOSE=1 clean"/>
					<DistClean command="/usr/bin/make -f &quot;/Users/huaweichang/Downloads/webrtc/ios/webrtc/common_audio/Makefile&quot;  VERBOSE=1 clean"/>
				</MakeCommands>
			</Target>
			<Target title="libcommonaudio/fast">
				<Option output="/Users/huaweichang/Downloads/webrtc/ios/webrtc/common_audio/libcommon_audio.a" prefix_auto="0" extension_auto="0"/>
				<Option working_dir="/Users/huaweichang/Downloads/webrtc/ios/webrtc/common_audio"/>
				<Option object_output="./"/>
				<Option type="2"/>
				<Option compiler="gcc"/>
				<Compiler>
					<Add option="-DWEBRTC_MAC"/>
					<Add option="-DWEBRTC_POSIX"/>
					<Add option="-DWEBRTC_APM_DEBUG_DUMP=0"/>
					<Add directory="/Users/huaweichang/Downloads/webrtc/ios/webrtc"/>
					<Add directory="/Users/huaweichang/Downloads/webrtc/ios/webrtc/rtc_base"/>
					<Add directory="/Users/huaweichang/Downloads/webrtc/ios/webrtc/common_audio/ksconfig.h"/>
					<Add directory="/Users/huaweichang/Downloads/webrtc/ios/webrtc/common_audio/absl"/>
					<Add directory="/Users/huaweichang/Downloads/webrtc/ios/webrtc/common_audio/api"/>
					<Add directory="/Users/huaweichang/Downloads/webrtc/ios/webrtc/common_audio/audio"/>
					<Add directory="/Users/huaweichang/Downloads/webrtc/ios/webrtc/common_audio/common_audio"/>
					<Add directory="/Users/huaweichang/Downloads/webrtc/ios/webrtc/common_audio/modules"/>
					<Add directory="/Users/huaweichang/Downloads/webrtc/ios/webrtc/common_audio/rtc_base"/>
					<Add directory="/Users/huaweichang/Downloads/webrtc/ios/webrtc/common_audio/system_wrappers"/>
				</Compiler>
				<MakeCommands>
					<Build command="/usr/bin/make -f &quot;/Users/huaweichang/Downloads/webrtc/ios/webrtc/common_audio/Makefile&quot;  VERBOSE=1 libcommonaudio/fast"/>
					<CompileFile command="/usr/bin/make -f &quot;/Users/huaweichang/Downloads/webrtc/ios/webrtc/common_audio/Makefile&quot;  VERBOSE=1 &quot;$file&quot;"/>
					<Clean command="/usr/bin/make -f &quot;/Users/huaweichang/Downloads/webrtc/ios/webrtc/common_audio/Makefile&quot;  VERBOSE=1 clean"/>
					<DistClean command="/usr/bin/make -f &quot;/Users/huaweichang/Downloads/webrtc/ios/webrtc/common_audio/Makefile&quot;  VERBOSE=1 clean"/>
				</MakeCommands>
			</Target>
			<Target title="libmodules">
				<Option output="/Users/huaweichang/Downloads/webrtc/ios/webrtc/modules/libmodules.a" prefix_auto="0" extension_auto="0"/>
				<Option working_dir="/Users/huaweichang/Downloads/webrtc/ios/webrtc/modules"/>
				<Option object_output="./"/>
				<Option type="2"/>
				<Option compiler="gcc"/>
				<Compiler>
					<Add option="-DWEBRTC_MAC"/>
					<Add option="-DWEBRTC_POSIX"/>
					<Add option="-DWEBRTC_APM_DEBUG_DUMP=0"/>
					<Add directory="/Users/huaweichang/Downloads/webrtc/ios/webrtc"/>
					<Add directory="/Users/huaweichang/Downloads/webrtc/ios/webrtc/rtc_base"/>
					<Add directory="/Users/huaweichang/Downloads/webrtc/ios/webrtc/modules/ksconfig.h"/>
					<Add directory="/Users/huaweichang/Downloads/webrtc/ios/webrtc/modules/absl"/>
					<Add directory="/Users/huaweichang/Downloads/webrtc/ios/webrtc/modules/api"/>
					<Add directory="/Users/huaweichang/Downloads/webrtc/ios/webrtc/modules/audio"/>
					<Add directory="/Users/huaweichang/Downloads/webrtc/ios/webrtc/modules/common_audio"/>
					<Add directory="/Users/huaweichang/Downloads/webrtc/ios/webrtc/modules/modules"/>
					<Add directory="/Users/huaweichang/Downloads/webrtc/ios/webrtc/modules/rtc_base"/>
					<Add directory="/Users/huaweichang/Downloads/webrtc/ios/webrtc/modules/system_wrappers"/>
				</Compiler>
				<MakeCommands>
					<Build command="/usr/bin/make -f &quot;/Users/huaweichang/Downloads/webrtc/ios/webrtc/modules/Makefile&quot;  VERBOSE=1 libmodules"/>
					<CompileFile command="/usr/bin/make -f &quot;/Users/huaweichang/Downloads/webrtc/ios/webrtc/modules/Makefile&quot;  VERBOSE=1 &quot;$file&quot;"/>
					<Clean command="/usr/bin/make -f &quot;/Users/huaweichang/Downloads/webrtc/ios/webrtc/modules/Makefile&quot;  VERBOSE=1 clean"/>
					<DistClean command="/usr/bin/make -f &quot;/Users/huaweichang/Downloads/webrtc/ios/webrtc/modules/Makefile&quot;  VERBOSE=1 clean"/>
				</MakeCommands>
			</Target>
			<Target title="libmodules/fast">
				<Option output="/Users/huaweichang/Downloads/webrtc/ios/webrtc/modules/libmodules.a" prefix_auto="0" extension_auto="0"/>
				<Option working_dir="/Users/huaweichang/Downloads/webrtc/ios/webrtc/modules"/>
				<Option object_output="./"/>
				<Option type="2"/>
				<Option compiler="gcc"/>
				<Compiler>
					<Add option="-DWEBRTC_MAC"/>
					<Add option="-DWEBRTC_POSIX"/>
					<Add option="-DWEBRTC_APM_DEBUG_DUMP=0"/>
					<Add directory="/Users/huaweichang/Downloads/webrtc/ios/webrtc"/>
					<Add directory="/Users/huaweichang/Downloads/webrtc/ios/webrtc/rtc_base"/>
					<Add directory="/Users/huaweichang/Downloads/webrtc/ios/webrtc/modules/ksconfig.h"/>
					<Add directory="/Users/huaweichang/Downloads/webrtc/ios/webrtc/modules/absl"/>
					<Add directory="/Users/huaweichang/Downloads/webrtc/ios/webrtc/modules/api"/>
					<Add directory="/Users/huaweichang/Downloads/webrtc/ios/webrtc/modules/audio"/>
					<Add directory="/Users/huaweichang/Downloads/webrtc/ios/webrtc/modules/common_audio"/>
					<Add directory="/Users/huaweichang/Downloads/webrtc/ios/webrtc/modules/modules"/>
					<Add directory="/Users/huaweichang/Downloads/webrtc/ios/webrtc/modules/rtc_base"/>
					<Add directory="/Users/huaweichang/Downloads/webrtc/ios/webrtc/modules/system_wrappers"/>
				</Compiler>
				<MakeCommands>
					<Build command="/usr/bin/make -f &quot;/Users/huaweichang/Downloads/webrtc/ios/webrtc/modules/Makefile&quot;  VERBOSE=1 libmodules/fast"/>
					<CompileFile command="/usr/bin/make -f &quot;/Users/huaweichang/Downloads/webrtc/ios/webrtc/modules/Makefile&quot;  VERBOSE=1 &quot;$file&quot;"/>
					<Clean command="/usr/bin/make -f &quot;/Users/huaweichang/Downloads/webrtc/ios/webrtc/modules/Makefile&quot;  VERBOSE=1 clean"/>
					<DistClean command="/usr/bin/make -f &quot;/Users/huaweichang/Downloads/webrtc/ios/webrtc/modules/Makefile&quot;  VERBOSE=1 clean"/>
				</MakeCommands>
			</Target>
			<Target title="librtcbase">
				<Option output="/Users/huaweichang/Downloads/webrtc/ios/webrtc/rtc_base/librtcbase.a" prefix_auto="0" extension_auto="0"/>
				<Option working_dir="/Users/huaweichang/Downloads/webrtc/ios/webrtc/rtc_base"/>
				<Option object_output="./"/>
				<Option type="2"/>
				<Option compiler="gcc"/>
				<Compiler>
					<Add option="-DWEBRTC_MAC"/>
					<Add option="-DWEBRTC_POSIX"/>
					<Add option="-DWEBRTC_APM_DEBUG_DUMP=0"/>
					<Add directory="/Users/huaweichang/Downloads/webrtc/ios/webrtc"/>
					<Add directory="/Users/huaweichang/Downloads/webrtc/ios/webrtc/rtc_base"/>
					<Add directory="/Users/huaweichang/Downloads/webrtc/ios/webrtc/rtc_base/ksconfig.h"/>
					<Add directory="/Users/huaweichang/Downloads/webrtc/ios/webrtc/rtc_base/absl"/>
					<Add directory="/Users/huaweichang/Downloads/webrtc/ios/webrtc/rtc_base/api"/>
					<Add directory="/Users/huaweichang/Downloads/webrtc/ios/webrtc/rtc_base/audio"/>
					<Add directory="/Users/huaweichang/Downloads/webrtc/ios/webrtc/rtc_base/common_audio"/>
					<Add directory="/Users/huaweichang/Downloads/webrtc/ios/webrtc/rtc_base/modules"/>
					<Add directory="/Users/huaweichang/Downloads/webrtc/ios/webrtc/rtc_base/rtc_base"/>
					<Add directory="/Users/huaweichang/Downloads/webrtc/ios/webrtc/rtc_base/system_wrappers"/>
				</Compiler>
				<MakeCommands>
					<Build command="/usr/bin/make -f &quot;/Users/huaweichang/Downloads/webrtc/ios/webrtc/rtc_base/Makefile&quot;  VERBOSE=1 librtcbase"/>
					<CompileFile command="/usr/bin/make -f &quot;/Users/huaweichang/Downloads/webrtc/ios/webrtc/rtc_base/Makefile&quot;  VERBOSE=1 &quot;$file&quot;"/>
					<Clean command="/usr/bin/make -f &quot;/Users/huaweichang/Downloads/webrtc/ios/webrtc/rtc_base/Makefile&quot;  VERBOSE=1 clean"/>
					<DistClean command="/usr/bin/make -f &quot;/Users/huaweichang/Downloads/webrtc/ios/webrtc/rtc_base/Makefile&quot;  VERBOSE=1 clean"/>
				</MakeCommands>
			</Target>
			<Target title="librtcbase/fast">
				<Option output="/Users/huaweichang/Downloads/webrtc/ios/webrtc/rtc_base/librtcbase.a" prefix_auto="0" extension_auto="0"/>
				<Option working_dir="/Users/huaweichang/Downloads/webrtc/ios/webrtc/rtc_base"/>
				<Option object_output="./"/>
				<Option type="2"/>
				<Option compiler="gcc"/>
				<Compiler>
					<Add option="-DWEBRTC_MAC"/>
					<Add option="-DWEBRTC_POSIX"/>
					<Add option="-DWEBRTC_APM_DEBUG_DUMP=0"/>
					<Add directory="/Users/huaweichang/Downloads/webrtc/ios/webrtc"/>
					<Add directory="/Users/huaweichang/Downloads/webrtc/ios/webrtc/rtc_base"/>
					<Add directory="/Users/huaweichang/Downloads/webrtc/ios/webrtc/rtc_base/ksconfig.h"/>
					<Add directory="/Users/huaweichang/Downloads/webrtc/ios/webrtc/rtc_base/absl"/>
					<Add directory="/Users/huaweichang/Downloads/webrtc/ios/webrtc/rtc_base/api"/>
					<Add directory="/Users/huaweichang/Downloads/webrtc/ios/webrtc/rtc_base/audio"/>
					<Add directory="/Users/huaweichang/Downloads/webrtc/ios/webrtc/rtc_base/common_audio"/>
					<Add directory="/Users/huaweichang/Downloads/webrtc/ios/webrtc/rtc_base/modules"/>
					<Add directory="/Users/huaweichang/Downloads/webrtc/ios/webrtc/rtc_base/rtc_base"/>
					<Add directory="/Users/huaweichang/Downloads/webrtc/ios/webrtc/rtc_base/system_wrappers"/>
				</Compiler>
				<MakeCommands>
					<Build command="/usr/bin/make -f &quot;/Users/huaweichang/Downloads/webrtc/ios/webrtc/rtc_base/Makefile&quot;  VERBOSE=1 librtcbase/fast"/>
					<CompileFile command="/usr/bin/make -f &quot;/Users/huaweichang/Downloads/webrtc/ios/webrtc/rtc_base/Makefile&quot;  VERBOSE=1 &quot;$file&quot;"/>
					<Clean command="/usr/bin/make -f &quot;/Users/huaweichang/Downloads/webrtc/ios/webrtc/rtc_base/Makefile&quot;  VERBOSE=1 clean"/>
					<DistClean command="/usr/bin/make -f &quot;/Users/huaweichang/Downloads/webrtc/ios/webrtc/rtc_base/Makefile&quot;  VERBOSE=1 clean"/>
				</MakeCommands>
			</Target>
			<Target title="libsyswrappters">
				<Option output="/Users/huaweichang/Downloads/webrtc/ios/webrtc/system_wrappers/libsys_wrappers.a" prefix_auto="0" extension_auto="0"/>
				<Option working_dir="/Users/huaweichang/Downloads/webrtc/ios/webrtc/system_wrappers"/>
				<Option object_output="./"/>
				<Option type="2"/>
				<Option compiler="gcc"/>
				<Compiler>
					<Add option="-DWEBRTC_MAC"/>
					<Add option="-DWEBRTC_POSIX"/>
					<Add option="-DWEBRTC_APM_DEBUG_DUMP=0"/>
					<Add directory="/Users/huaweichang/Downloads/webrtc/ios/webrtc"/>
					<Add directory="/Users/huaweichang/Downloads/webrtc/ios/webrtc/rtc_base"/>
					<Add directory="/Users/huaweichang/Downloads/webrtc/ios/webrtc/system_wrappers/ksconfig.h"/>
					<Add directory="/Users/huaweichang/Downloads/webrtc/ios/webrtc/system_wrappers/absl"/>
					<Add directory="/Users/huaweichang/Downloads/webrtc/ios/webrtc/system_wrappers/api"/>
					<Add directory="/Users/huaweichang/Downloads/webrtc/ios/webrtc/system_wrappers/audio"/>
					<Add directory="/Users/huaweichang/Downloads/webrtc/ios/webrtc/system_wrappers/common_audio"/>
					<Add directory="/Users/huaweichang/Downloads/webrtc/ios/webrtc/system_wrappers/modules"/>
					<Add directory="/Users/huaweichang/Downloads/webrtc/ios/webrtc/system_wrappers/rtc_base"/>
					<Add directory="/Users/huaweichang/Downloads/webrtc/ios/webrtc/system_wrappers/system_wrappers"/>
				</Compiler>
				<MakeCommands>
					<Build command="/usr/bin/make -f &quot;/Users/huaweichang/Downloads/webrtc/ios/webrtc/system_wrappers/Makefile&quot;  VERBOSE=1 libsyswrappters"/>
					<CompileFile command="/usr/bin/make -f &quot;/Users/huaweichang/Downloads/webrtc/ios/webrtc/system_wrappers/Makefile&quot;  VERBOSE=1 &quot;$file&quot;"/>
					<Clean command="/usr/bin/make -f &quot;/Users/huaweichang/Downloads/webrtc/ios/webrtc/system_wrappers/Makefile&quot;  VERBOSE=1 clean"/>
					<DistClean command="/usr/bin/make -f &quot;/Users/huaweichang/Downloads/webrtc/ios/webrtc/system_wrappers/Makefile&quot;  VERBOSE=1 clean"/>
				</MakeCommands>
			</Target>
			<Target title="libsyswrappters/fast">
				<Option output="/Users/huaweichang/Downloads/webrtc/ios/webrtc/system_wrappers/libsys_wrappers.a" prefix_auto="0" extension_auto="0"/>
				<Option working_dir="/Users/huaweichang/Downloads/webrtc/ios/webrtc/system_wrappers"/>
				<Option object_output="./"/>
				<Option type="2"/>
				<Option compiler="gcc"/>
				<Compiler>
					<Add option="-DWEBRTC_MAC"/>
					<Add option="-DWEBRTC_POSIX"/>
					<Add option="-DWEBRTC_APM_DEBUG_DUMP=0"/>
					<Add directory="/Users/huaweichang/Downloads/webrtc/ios/webrtc"/>
					<Add directory="/Users/huaweichang/Downloads/webrtc/ios/webrtc/rtc_base"/>
					<Add directory="/Users/huaweichang/Downloads/webrtc/ios/webrtc/system_wrappers/ksconfig.h"/>
					<Add directory="/Users/huaweichang/Downloads/webrtc/ios/webrtc/system_wrappers/absl"/>
					<Add directory="/Users/huaweichang/Downloads/webrtc/ios/webrtc/system_wrappers/api"/>
					<Add directory="/Users/huaweichang/Downloads/webrtc/ios/webrtc/system_wrappers/audio"/>
					<Add directory="/Users/huaweichang/Downloads/webrtc/ios/webrtc/system_wrappers/common_audio"/>
					<Add directory="/Users/huaweichang/Downloads/webrtc/ios/webrtc/system_wrappers/modules"/>
					<Add directory="/Users/huaweichang/Downloads/webrtc/ios/webrtc/system_wrappers/rtc_base"/>
					<Add directory="/Users/huaweichang/Downloads/webrtc/ios/webrtc/system_wrappers/system_wrappers"/>
				</Compiler>
				<MakeCommands>
					<Build command="/usr/bin/make -f &quot;/Users/huaweichang/Downloads/webrtc/ios/webrtc/system_wrappers/Makefile&quot;  VERBOSE=1 libsyswrappters/fast"/>
					<CompileFile command="/usr/bin/make -f &quot;/Users/huaweichang/Downloads/webrtc/ios/webrtc/system_wrappers/Makefile&quot;  VERBOSE=1 &quot;$file&quot;"/>
					<Clean command="/usr/bin/make -f &quot;/Users/huaweichang/Downloads/webrtc/ios/webrtc/system_wrappers/Makefile&quot;  VERBOSE=1 clean"/>
					<DistClean command="/usr/bin/make -f &quot;/Users/huaweichang/Downloads/webrtc/ios/webrtc/system_wrappers/Makefile&quot;  VERBOSE=1 clean"/>
				</MakeCommands>
			</Target>
		</Build>
		<Unit filename="/Users/huaweichang/Downloads/webrtc/ios/webrtc/api/audio/audio_frame.cc">
			<Option target="libapi"/>
		</Unit>
		<Unit filename="/Users/huaweichang/Downloads/webrtc/ios/webrtc/api/audio/audio_frame.h">
			<Option target="libapi"/>
		</Unit>
		<Unit filename="/Users/huaweichang/Downloads/webrtc/ios/webrtc/audio/utility/audio_frame_operations.cc">
			<Option target="libaudio"/>
		</Unit>
		<Unit filename="/Users/huaweichang/Downloads/webrtc/ios/webrtc/audio/utility/audio_frame_operations.h">
			<Option target="libaudio"/>
		</Unit>
		<Unit filename="/Users/huaweichang/Downloads/webrtc/ios/webrtc/audio/utility/channel_mixer.cc">
			<Option target="libaudio"/>
		</Unit>
		<Unit filename="/Users/huaweichang/Downloads/webrtc/ios/webrtc/audio/utility/channel_mixer.h">
			<Option target="libaudio"/>
		</Unit>
		<Unit filename="/Users/huaweichang/Downloads/webrtc/ios/webrtc/audio/utility/channel_mixing_matrix.cc">
			<Option target="libaudio"/>
		</Unit>
		<Unit filename="/Users/huaweichang/Downloads/webrtc/ios/webrtc/audio/utility/channel_mixing_matrix.h">
			<Option target="libaudio"/>
		</Unit>
		<Unit filename="/Users/huaweichang/Downloads/webrtc/ios/webrtc/common_audio/audio_util.cc">
			<Option target="libcommonaudio"/>
		</Unit>
		<Unit filename="/Users/huaweichang/Downloads/webrtc/ios/webrtc/modules/audio_mixer/audio_frame_manipulator.cc">
			<Option target="libmodules"/>
		</Unit>
		<Unit filename="/Users/huaweichang/Downloads/webrtc/ios/webrtc/modules/audio_mixer/audio_frame_manipulator.h">
			<Option target="libmodules"/>
		</Unit>
		<Unit filename="/Users/huaweichang/Downloads/webrtc/ios/webrtc/modules/audio_mixer/audio_mixer_impl.cc">
			<Option target="libmodules"/>
		</Unit>
		<Unit filename="/Users/huaweichang/Downloads/webrtc/ios/webrtc/modules/audio_mixer/audio_mixer_impl.h">
			<Option target="libmodules"/>
		</Unit>
		<Unit filename="/Users/huaweichang/Downloads/webrtc/ios/webrtc/modules/audio_mixer/default_output_rate_calculator.cc">
			<Option target="libmodules"/>
		</Unit>
		<Unit filename="/Users/huaweichang/Downloads/webrtc/ios/webrtc/modules/audio_mixer/default_output_rate_calculator.h">
			<Option target="libmodules"/>
		</Unit>
		<Unit filename="/Users/huaweichang/Downloads/webrtc/ios/webrtc/modules/audio_mixer/frame_combiner.cc">
			<Option target="libmodules"/>
		</Unit>
		<Unit filename="/Users/huaweichang/Downloads/webrtc/ios/webrtc/modules/audio_mixer/frame_combiner.h">
			<Option target="libmodules"/>
		</Unit>
		<Unit filename="/Users/huaweichang/Downloads/webrtc/ios/webrtc/modules/audio_processing/include/audio_processing_statistics.cc">
			<Option target="libmodules"/>
		</Unit>
		<Unit filename="/Users/huaweichang/Downloads/webrtc/ios/webrtc/modules/audio_processing/include/audio_processing_statistics.h">
			<Option target="libmodules"/>
		</Unit>
		<Unit filename="/Users/huaweichang/Downloads/webrtc/ios/webrtc/modules/audio_processing/include/config.cc">
			<Option target="libmodules"/>
		</Unit>
		<Unit filename="/Users/huaweichang/Downloads/webrtc/ios/webrtc/modules/audio_processing/include/config.h">
			<Option target="libmodules"/>
		</Unit>
		<Unit filename="/Users/huaweichang/Downloads/webrtc/ios/webrtc/modules/audio_processing/logging/apm_data_dumper.cc">
			<Option target="libmodules"/>
		</Unit>
		<Unit filename="/Users/huaweichang/Downloads/webrtc/ios/webrtc/modules/audio_processing/logging/apm_data_dumper.h">
			<Option target="libmodules"/>
		</Unit>
		<Unit filename="/Users/huaweichang/Downloads/webrtc/ios/webrtc/rtc_base/checks.cc">
			<Option target="librtcbase"/>
		</Unit>
		<Unit filename="/Users/huaweichang/Downloads/webrtc/ios/webrtc/rtc_base/checks.h">
			<Option target="librtcbase"/>
		</Unit>
		<Unit filename="/Users/huaweichang/Downloads/webrtc/ios/webrtc/rtc_base/logging.cc">
			<Option target="librtcbase"/>
		</Unit>
		<Unit filename="/Users/huaweichang/Downloads/webrtc/ios/webrtc/rtc_base/logging.h">
			<Option target="librtcbase"/>
		</Unit>
		<Unit filename="/Users/huaweichang/Downloads/webrtc/ios/webrtc/rtc_base/platform_thread_types.cc">
			<Option target="librtcbase"/>
		</Unit>
		<Unit filename="/Users/huaweichang/Downloads/webrtc/ios/webrtc/rtc_base/platform_thread_types.h">
			<Option target="librtcbase"/>
		</Unit>
		<Unit filename="/Users/huaweichang/Downloads/webrtc/ios/webrtc/rtc_base/race_checker.cc">
			<Option target="librtcbase"/>
		</Unit>
		<Unit filename="/Users/huaweichang/Downloads/webrtc/ios/webrtc/rtc_base/race_checker.h">
			<Option target="librtcbase"/>
		</Unit>
		<Unit filename="/Users/huaweichang/Downloads/webrtc/ios/webrtc/rtc_base/string_encode.cc">
			<Option target="librtcbase"/>
		</Unit>
		<Unit filename="/Users/huaweichang/Downloads/webrtc/ios/webrtc/rtc_base/string_encode.h">
			<Option target="librtcbase"/>
		</Unit>
		<Unit filename="/Users/huaweichang/Downloads/webrtc/ios/webrtc/rtc_base/string_to_number.cc">
			<Option target="librtcbase"/>
		</Unit>
		<Unit filename="/Users/huaweichang/Downloads/webrtc/ios/webrtc/rtc_base/string_to_number.h">
			<Option target="librtcbase"/>
		</Unit>
		<Unit filename="/Users/huaweichang/Downloads/webrtc/ios/webrtc/rtc_base/string_utils.cc">
			<Option target="librtcbase"/>
		</Unit>
		<Unit filename="/Users/huaweichang/Downloads/webrtc/ios/webrtc/rtc_base/string_utils.h">
			<Option target="librtcbase"/>
		</Unit>
		<Unit filename="/Users/huaweichang/Downloads/webrtc/ios/webrtc/rtc_base/strings/string_builder.cc">
			<Option target="librtcbase"/>
		</Unit>
		<Unit filename="/Users/huaweichang/Downloads/webrtc/ios/webrtc/rtc_base/strings/string_builder.h">
			<Option target="librtcbase"/>
		</Unit>
		<Unit filename="/Users/huaweichang/Downloads/webrtc/ios/webrtc/rtc_base/system/file_wrapper.cc">
			<Option target="librtcbase"/>
		</Unit>
		<Unit filename="/Users/huaweichang/Downloads/webrtc/ios/webrtc/rtc_base/system/file_wrapper.h">
			<Option target="librtcbase"/>
		</Unit>
		<Unit filename="/Users/huaweichang/Downloads/webrtc/ios/webrtc/rtc_base/system_time.cc">
			<Option target="librtcbase"/>
		</Unit>
		<Unit filename="/Users/huaweichang/Downloads/webrtc/ios/webrtc/rtc_base/system_time.h">
			<Option target="librtcbase"/>
		</Unit>
		<Unit filename="/Users/huaweichang/Downloads/webrtc/ios/webrtc/rtc_base/time_utils.cc">
			<Option target="librtcbase"/>
		</Unit>
		<Unit filename="/Users/huaweichang/Downloads/webrtc/ios/webrtc/rtc_base/time_utils.h">
			<Option target="librtcbase"/>
		</Unit>
		<Unit filename="/Users/huaweichang/Downloads/webrtc/ios/webrtc/system_wrappers/source/field_trial.cc">
			<Option target="libsyswrappters"/>
		</Unit>
		<Unit filename="/Users/huaweichang/Downloads/webrtc/ios/webrtc/system_wrappers/source/metrics.cc">
			<Option target="libsyswrappters"/>
		</Unit>
		<Unit filename="/Users/huaweichang/Downloads/webrtc/ios/webrtc/CMakeLists.txt">
			<Option virtualFolder="CMake Files\"/>
		</Unit>
		<Unit filename="/Users/huaweichang/Downloads/webrtc/ios/webrtc/api/CMakeLists.txt">
			<Option virtualFolder="CMake Files\api\"/>
		</Unit>
		<Unit filename="/Users/huaweichang/Downloads/webrtc/ios/webrtc/audio/CMakeLists.txt">
			<Option virtualFolder="CMake Files\audio\"/>
		</Unit>
		<Unit filename="/Users/huaweichang/Downloads/webrtc/ios/webrtc/common_audio/CMakeLists.txt">
			<Option virtualFolder="CMake Files\common_audio\"/>
		</Unit>
		<Unit filename="/Users/huaweichang/Downloads/webrtc/ios/webrtc/modules/CMakeLists.txt">
			<Option virtualFolder="CMake Files\modules\"/>
		</Unit>
		<Unit filename="/Users/huaweichang/Downloads/webrtc/ios/webrtc/rtc_base/CMakeLists.txt">
			<Option virtualFolder="CMake Files\rtc_base\"/>
		</Unit>
		<Unit filename="/Users/huaweichang/Downloads/webrtc/ios/webrtc/system_wrappers/CMakeLists.txt">
			<Option virtualFolder="CMake Files\system_wrappers\"/>
		</Unit>
	</Project>
</CodeBlocks_project_file>
